
Microsoft Visual Studio Solution File, Format Version 12.00
# Visual Studio Version 16
VisualStudioVersion = 16.0.30717.126
MinimumVisualStudioVersion = 10.0.40219.1
Project("{FAE04EC0-301F-11D3-BF4B-00C04F79EFBC}") = "鼎鼎Test", "鼎鼎Test\鼎鼎Test.csproj", "{46895C65-0267-4D16-908F-6C337B10100F}"
EndProject
Global
	GlobalSection(SolutionConfigurationPlatforms) = preSolution
		Debug|Any CPU = Debug|Any CPU
		Release|Any CPU = Release|Any CPU
	EndGlobalSection
	GlobalSection(ProjectConfigurationPlatforms) = postSolution
		{46895C65-0267-4D16-908F-6C337B10100F}.Debug|Any CPU.ActiveCfg = Debug|Any CPU
		{46895C65-0267-4D16-908F-6C337B10100F}.Debug|Any CPU.Build.0 = Debug|Any CPU
		{46895C65-0267-4D16-908F-6C337B10100F}.Release|Any CPU.ActiveCfg = Release|Any CPU
		{46895C65-0267-4D16-908F-6C337B10100F}.Release|Any CPU.Build.0 = Release|Any CPU
	EndGlobalSection
	GlobalSection(SolutionProperties) = preSolution
		HideSolutionNode = FALSE
	EndGlobalSection
	GlobalSection(ExtensibilityGlobals) = postSolution
		SolutionGuid = {927E5D37-038C-4326-B1CD-01DB22C2C247}
	EndGlobalSection
EndGlobal
